// !$*UTF8*$!
{
	archiveVersion = 1;
	classes = {
	};
	objectVersion = 46;
	objects = {

/* Begin PBXBuildFile section */
		87A7C6CC120939F50053A3B4 /* model3DS.cpp in Sources */ = {isa = PBXBuildFile; fileRef = 87A7C66B120939F50053A3B4 /* model3DS.cpp */; };
		87A7C6CD120939F50053A3B4 /* texture3DS.cpp in Sources */ = {isa = PBXBuildFile; fileRef = 87A7C66D120939F50053A3B4 /* texture3DS.cpp */; };
		87A7C6CE120939F50053A3B4 /* ofx3dModelLoader.cpp in Sources */ = {isa = PBXBuildFile; fileRef = 87A7C671120939F50053A3B4 /* ofx3dModelLoader.cpp */; };
		87A7C6CF120939F50053A3B4 /* ofxMSATimer.cpp in Sources */ = {isa = PBXBuildFile; fileRef = 87A7C675120939F50053A3B4 /* ofxMSATimer.cpp */; };
		87A7C6E6120939F60053A3B4 /* ofxThread.cpp in Sources */ = {isa = PBXBuildFile; fileRef = 87A7C6BB120939F50053A3B4 /* ofxThread.cpp */; };
		87A7C6E7120939F60053A3B4 /* md5.c in Sources */ = {isa = PBXBuildFile; fileRef = 87A7C6BF120939F50053A3B4 /* md5.c */; };
		87A7C6E8120939F60053A3B4 /* WebSocketHandler.cpp in Sources */ = {isa = PBXBuildFile; fileRef = 87A7C6C4120939F50053A3B4 /* WebSocketHandler.cpp */; };
		87A7C73312093D410053A3B4 /* GLee.c in Sources */ = {isa = PBXBuildFile; fileRef = 87A7C6FD12093D400053A3B4 /* GLee.c */; };
		87A7C73412093D410053A3B4 /* ARDriver.cc in Sources */ = {isa = PBXBuildFile; fileRef = 87A7C70012093D410053A3B4 /* ARDriver.cc */; };
		87A7C73512093D410053A3B4 /* ATANCamera.cc in Sources */ = {isa = PBXBuildFile; fileRef = 87A7C70212093D410053A3B4 /* ATANCamera.cc */; };
		87A7C73612093D410053A3B4 /* Bundle.cc in Sources */ = {isa = PBXBuildFile; fileRef = 87A7C70412093D410053A3B4 /* Bundle.cc */; };
		87A7C73712093D410053A3B4 /* CalibCornerPatch.cc in Sources */ = {isa = PBXBuildFile; fileRef = 87A7C70612093D410053A3B4 /* CalibCornerPatch.cc */; };
		87A7C73812093D410053A3B4 /* CalibImage.cc in Sources */ = {isa = PBXBuildFile; fileRef = 87A7C70812093D410053A3B4 /* CalibImage.cc */; };
		87A7C73912093D410053A3B4 /* EyeGame.cc in Sources */ = {isa = PBXBuildFile; fileRef = 87A7C70B12093D410053A3B4 /* EyeGame.cc */; };
		87A7C73A12093D410053A3B4 /* HomographyInit.cc in Sources */ = {isa = PBXBuildFile; fileRef = 87A7C70D12093D410053A3B4 /* HomographyInit.cc */; };
		87A7C73B12093D410053A3B4 /* KeyFrame.cc in Sources */ = {isa = PBXBuildFile; fileRef = 87A7C70F12093D410053A3B4 /* KeyFrame.cc */; };
		87A7C73C12093D410053A3B4 /* Map.cc in Sources */ = {isa = PBXBuildFile; fileRef = 87A7C71312093D410053A3B4 /* Map.cc */; };
		87A7C73D12093D410053A3B4 /* MapMaker.cc in Sources */ = {isa = PBXBuildFile; fileRef = 87A7C71512093D410053A3B4 /* MapMaker.cc */; };
		87A7C73E12093D410053A3B4 /* MapPoint.cc in Sources */ = {isa = PBXBuildFile; fileRef = 87A7C71712093D410053A3B4 /* MapPoint.cc */; };
		87A7C73F12093D410053A3B4 /* MapViewer.cc in Sources */ = {isa = PBXBuildFile; fileRef = 87A7C71912093D410053A3B4 /* MapViewer.cc */; };
		87A7C74012093D410053A3B4 /* MiniPatch.cc in Sources */ = {isa = PBXBuildFile; fileRef = 87A7C71C12093D410053A3B4 /* MiniPatch.cc */; };
		87A7C74112093D410053A3B4 /* PatchFinder.cc in Sources */ = {isa = PBXBuildFile; fileRef = 87A7C71F12093D410053A3B4 /* PatchFinder.cc */; };
		87A7C74212093D410053A3B4 /* Relocaliser.cc in Sources */ = {isa = PBXBuildFile; fileRef = 87A7C72212093D410053A3B4 /* Relocaliser.cc */; };
		87A7C74312093D410053A3B4 /* ShiTomasi.cc in Sources */ = {isa = PBXBuildFile; fileRef = 87A7C72412093D410053A3B4 /* ShiTomasi.cc */; };
		87A7C74412093D410053A3B4 /* SmallBlurryImage.cc in Sources */ = {isa = PBXBuildFile; fileRef = 87A7C72612093D410053A3B4 /* SmallBlurryImage.cc */; };
		87A7C74512093D410053A3B4 /* System.cc in Sources */ = {isa = PBXBuildFile; fileRef = 87A7C72912093D410053A3B4 /* System.cc */; };
		87A7C74612093D410053A3B4 /* Tracker.cc in Sources */ = {isa = PBXBuildFile; fileRef = 87A7C72B12093D410053A3B4 /* Tracker.cc */; };
		87A7C7D3120945A30053A3B4 /* Accelerate.framework in Frameworks */ = {isa = PBXBuildFile; fileRef = 87A7C7D2120945A30053A3B4 /* Accelerate.framework */; };
		E45BE2E40E8CC69C009D7055 /* rtAudio.a in Frameworks */ = {isa = PBXBuildFile; fileRef = E45BE2E30E8CC69C009D7055 /* rtAudio.a */; };
		E45BE97B0E8CC7DD009D7055 /* AGL.framework in Frameworks */ = {isa = PBXBuildFile; fileRef = E45BE9710E8CC7DD009D7055 /* AGL.framework */; };
		E45BE97C0E8CC7DD009D7055 /* ApplicationServices.framework in Frameworks */ = {isa = PBXBuildFile; fileRef = E45BE9720E8CC7DD009D7055 /* ApplicationServices.framework */; };
		E45BE97D0E8CC7DD009D7055 /* AudioToolbox.framework in Frameworks */ = {isa = PBXBuildFile; fileRef = E45BE9730E8CC7DD009D7055 /* AudioToolbox.framework */; };
		E45BE97E0E8CC7DD009D7055 /* Carbon.framework in Frameworks */ = {isa = PBXBuildFile; fileRef = E45BE9740E8CC7DD009D7055 /* Carbon.framework */; };
		E45BE97F0E8CC7DD009D7055 /* CoreAudio.framework in Frameworks */ = {isa = PBXBuildFile; fileRef = E45BE9750E8CC7DD009D7055 /* CoreAudio.framework */; };
		E45BE9800E8CC7DD009D7055 /* CoreFoundation.framework in Frameworks */ = {isa = PBXBuildFile; fileRef = E45BE9760E8CC7DD009D7055 /* CoreFoundation.framework */; };
		E45BE9810E8CC7DD009D7055 /* CoreServices.framework in Frameworks */ = {isa = PBXBuildFile; fileRef = E45BE9770E8CC7DD009D7055 /* CoreServices.framework */; };
		E45BE9830E8CC7DD009D7055 /* OpenGL.framework in Frameworks */ = {isa = PBXBuildFile; fileRef = E45BE9790E8CC7DD009D7055 /* OpenGL.framework */; };
		E45BE9840E8CC7DD009D7055 /* QuickTime.framework in Frameworks */ = {isa = PBXBuildFile; fileRef = E45BE97A0E8CC7DD009D7055 /* QuickTime.framework */; };
		E4B69E200A3A1BDC003C02F2 /* main.cpp in Sources */ = {isa = PBXBuildFile; fileRef = E4B69E1D0A3A1BDC003C02F2 /* main.cpp */; };
		E4B69E210A3A1BDC003C02F2 /* testApp.cpp in Sources */ = {isa = PBXBuildFile; fileRef = E4B69E1E0A3A1BDC003C02F2 /* testApp.cpp */; };
		E4C2422B10CC554B004149E2 /* openFrameworksDebug.a in Frameworks */ = {isa = PBXBuildFile; fileRef = E4C2421E10CC549C004149E2 /* openFrameworksDebug.a */; };
		E4C2424710CC5A17004149E2 /* AppKit.framework in Frameworks */ = {isa = PBXBuildFile; fileRef = E4C2424410CC5A17004149E2 /* AppKit.framework */; };
		E4C2424810CC5A17004149E2 /* Cocoa.framework in Frameworks */ = {isa = PBXBuildFile; fileRef = E4C2424510CC5A17004149E2 /* Cocoa.framework */; };
		E4C2424910CC5A17004149E2 /* IOKit.framework in Frameworks */ = {isa = PBXBuildFile; fileRef = E4C2424610CC5A17004149E2 /* IOKit.framework */; };
		E4C2426610CC5A78004149E2 /* GLUT.framework in Frameworks */ = {isa = PBXBuildFile; fileRef = E4C2425F10CC5A78004149E2 /* GLUT.framework */; };
		E4C2426B10CC5AA6004149E2 /* GLUT.framework in CopyFiles */ = {isa = PBXBuildFile; fileRef = E4C2425F10CC5A78004149E2 /* GLUT.framework */; };
		E4C2427F10CC5B66004149E2 /* CppUnit.a in Frameworks */ = {isa = PBXBuildFile; fileRef = E4C2427A10CC5B66004149E2 /* CppUnit.a */; };
		E4C2428010CC5B66004149E2 /* PocoFoundation.a in Frameworks */ = {isa = PBXBuildFile; fileRef = E4C2427B10CC5B66004149E2 /* PocoFoundation.a */; };
		E4C2428110CC5B66004149E2 /* PocoNet.a in Frameworks */ = {isa = PBXBuildFile; fileRef = E4C2427C10CC5B66004149E2 /* PocoNet.a */; };
		E4C2428210CC5B66004149E2 /* PocoUtil.a in Frameworks */ = {isa = PBXBuildFile; fileRef = E4C2427D10CC5B66004149E2 /* PocoUtil.a */; };
		E4C2428310CC5B66004149E2 /* PocoXML.a in Frameworks */ = {isa = PBXBuildFile; fileRef = E4C2427E10CC5B66004149E2 /* PocoXML.a */; };
		E4C2429410CC5C38004149E2 /* freetype.a in Frameworks */ = {isa = PBXBuildFile; fileRef = E4C2429310CC5C38004149E2 /* freetype.a */; };
		E4C242CD10CC650E004149E2 /* libfmodex.dylib in Frameworks */ = {isa = PBXBuildFile; fileRef = E4C242CC10CC650E004149E2 /* libfmodex.dylib */; };
		E4C246DA10CCAE22004149E2 /* freeimage.a in Frameworks */ = {isa = PBXBuildFile; fileRef = E4C246D910CCAE22004149E2 /* freeimage.a */; };
/* End PBXBuildFile section */

/* Begin PBXContainerItemProxy section */
		E4C2421D10CC549C004149E2 /* PBXContainerItemProxy */ = {
			isa = PBXContainerItemProxy;
			containerPortal = E4C2421610CC549C004149E2 /* openFrameworksLib.xcodeproj */;
			proxyType = 2;
			remoteGlobalIDString = E4B27C1510CBEB8E00536013;
			remoteInfo = openFrameworks;
		};
		E4C2422710CC54DA004149E2 /* PBXContainerItemProxy */ = {
			isa = PBXContainerItemProxy;
			containerPortal = E4C2421610CC549C004149E2 /* openFrameworksLib.xcodeproj */;
			proxyType = 1;
			remoteGlobalIDString = E4B27C1410CBEB8E00536013;
			remoteInfo = openFrameworks;
		};
/* End PBXContainerItemProxy section */

/* Begin PBXCopyFilesBuildPhase section */
		E4C2427710CC5ABF004149E2 /* CopyFiles */ = {
			isa = PBXCopyFilesBuildPhase;
			buildActionMask = 2147483647;
			dstPath = "";
			dstSubfolderSpec = 10;
			files = (
				E4C2426B10CC5AA6004149E2 /* GLUT.framework in CopyFiles */,
			);
			runOnlyForDeploymentPostprocessing = 0;
		};
/* End PBXCopyFilesBuildPhase section */

/* Begin PBXFileReference section */
		87A7C66B120939F50053A3B4 /* model3DS.cpp */ = {isa = PBXFileReference; fileEncoding = 4; lastKnownFileType = sourcecode.cpp.cpp; name = model3DS.cpp; path = ../../../addons/ofx3DModelLoader/src/3DS/model3DS.cpp; sourceTree = SOURCE_ROOT; };
		87A7C66C120939F50053A3B4 /* model3DS.h */ = {isa = PBXFileReference; fileEncoding = 4; lastKnownFileType = sourcecode.c.h; name = model3DS.h; path = ../../../addons/ofx3DModelLoader/src/3DS/model3DS.h; sourceTree = SOURCE_ROOT; };
		87A7C66D120939F50053A3B4 /* texture3DS.cpp */ = {isa = PBXFileReference; fileEncoding = 4; lastKnownFileType = sourcecode.cpp.cpp; name = texture3DS.cpp; path = ../../../addons/ofx3DModelLoader/src/3DS/texture3DS.cpp; sourceTree = SOURCE_ROOT; };
		87A7C66E120939F50053A3B4 /* texture3DS.h */ = {isa = PBXFileReference; fileEncoding = 4; lastKnownFileType = sourcecode.c.h; name = texture3DS.h; path = ../../../addons/ofx3DModelLoader/src/3DS/texture3DS.h; sourceTree = SOURCE_ROOT; };
		87A7C66F120939F50053A3B4 /* Vector3DS.h */ = {isa = PBXFileReference; fileEncoding = 4; lastKnownFileType = sourcecode.c.h; name = Vector3DS.h; path = ../../../addons/ofx3DModelLoader/src/3DS/Vector3DS.h; sourceTree = SOURCE_ROOT; };
		87A7C670120939F50053A3B4 /* ofx3DBaseLoader.h */ = {isa = PBXFileReference; fileEncoding = 4; lastKnownFileType = sourcecode.c.h; name = ofx3DBaseLoader.h; path = ../../../addons/ofx3DModelLoader/src/ofx3DBaseLoader.h; sourceTree = SOURCE_ROOT; };
		87A7C671120939F50053A3B4 /* ofx3dModelLoader.cpp */ = {isa = PBXFileReference; fileEncoding = 4; lastKnownFileType = sourcecode.cpp.cpp; name = ofx3dModelLoader.cpp; path = ../../../addons/ofx3DModelLoader/src/ofx3dModelLoader.cpp; sourceTree = SOURCE_ROOT; };
		87A7C672120939F50053A3B4 /* ofx3DModelLoader.h */ = {isa = PBXFileReference; fileEncoding = 4; lastKnownFileType = sourcecode.c.h; name = ofx3DModelLoader.h; path = ../../../addons/ofx3DModelLoader/src/ofx3DModelLoader.h; sourceTree = SOURCE_ROOT; };
		87A7C675120939F50053A3B4 /* ofxMSATimer.cpp */ = {isa = PBXFileReference; fileEncoding = 4; lastKnownFileType = sourcecode.cpp.cpp; name = ofxMSATimer.cpp; path = ../../../addons/ofxMSATimer/src/ofxMSATimer.cpp; sourceTree = SOURCE_ROOT; };
		87A7C676120939F50053A3B4 /* ofxMSATimer.h */ = {isa = PBXFileReference; fileEncoding = 4; lastKnownFileType = sourcecode.c.h; name = ofxMSATimer.h; path = ../../../addons/ofxMSATimer/src/ofxMSATimer.h; sourceTree = SOURCE_ROOT; };
		87A7C6BB120939F50053A3B4 /* ofxThread.cpp */ = {isa = PBXFileReference; fileEncoding = 4; lastKnownFileType = sourcecode.cpp.cpp; name = ofxThread.cpp; path = ../../../addons/ofxThread/src/ofxThread.cpp; sourceTree = SOURCE_ROOT; };
		87A7C6BC120939F50053A3B4 /* ofxThread.h */ = {isa = PBXFileReference; fileEncoding = 4; lastKnownFileType = sourcecode.c.h; name = ofxThread.h; path = ../../../addons/ofxThread/src/ofxThread.h; sourceTree = SOURCE_ROOT; };
		87A7C6BF120939F50053A3B4 /* md5.c */ = {isa = PBXFileReference; fileEncoding = 4; lastKnownFileType = sourcecode.c.c; name = md5.c; path = ../../../addons/ofxWebSocket/lib/md5.c; sourceTree = SOURCE_ROOT; };
		87A7C6C0120939F50053A3B4 /* md5.h */ = {isa = PBXFileReference; fileEncoding = 4; lastKnownFileType = sourcecode.c.h; name = md5.h; path = ../../../addons/ofxWebSocket/lib/md5.h; sourceTree = SOURCE_ROOT; };
		87A7C6C2120939F50053A3B4 /* ThreadedWebSocketServer.h */ = {isa = PBXFileReference; fileEncoding = 4; lastKnownFileType = sourcecode.c.h; name = ThreadedWebSocketServer.h; path = ../../../addons/ofxWebSocket/src/ThreadedWebSocketServer.h; sourceTree = SOURCE_ROOT; };
		87A7C6C3120939F50053A3B4 /* WebSocketConfig.h */ = {isa = PBXFileReference; fileEncoding = 4; lastKnownFileType = sourcecode.c.h; name = WebSocketConfig.h; path = ../../../addons/ofxWebSocket/src/WebSocketConfig.h; sourceTree = SOURCE_ROOT; };
		87A7C6C4120939F50053A3B4 /* WebSocketHandler.cpp */ = {isa = PBXFileReference; fileEncoding = 4; lastKnownFileType = sourcecode.cpp.cpp; name = WebSocketHandler.cpp; path = ../../../addons/ofxWebSocket/src/WebSocketHandler.cpp; sourceTree = SOURCE_ROOT; };
		87A7C6C5120939F50053A3B4 /* WebSocketHandler.h */ = {isa = PBXFileReference; fileEncoding = 4; lastKnownFileType = sourcecode.c.h; name = WebSocketHandler.h; path = ../../../addons/ofxWebSocket/src/WebSocketHandler.h; sourceTree = SOURCE_ROOT; };
		87A7C6C6120939F50053A3B4 /* WebSocketServer.h */ = {isa = PBXFileReference; fileEncoding = 4; lastKnownFileType = sourcecode.c.h; name = WebSocketServer.h; path = ../../../addons/ofxWebSocket/src/WebSocketServer.h; sourceTree = SOURCE_ROOT; };
		87A7C6FD12093D400053A3B4 /* GLee.c */ = {isa = PBXFileReference; fileEncoding = 4; lastKnownFileType = sourcecode.c.c; name = GLee.c; path = GLee/GLee.c; sourceTree = SOURCE_ROOT; };
		87A7C6FE12093D400053A3B4 /* GLee.h */ = {isa = PBXFileReference; fileEncoding = 4; lastKnownFileType = sourcecode.c.h; name = GLee.h; path = GLee/GLee.h; sourceTree = SOURCE_ROOT; };
		87A7C70012093D410053A3B4 /* ARDriver.cc */ = {isa = PBXFileReference; fileEncoding = 4; lastKnownFileType = sourcecode.cpp.cpp; name = ARDriver.cc; path = PTAM/ARDriver.cc; sourceTree = SOURCE_ROOT; };
		87A7C70112093D410053A3B4 /* ARDriver.h */ = {isa = PBXFileReference; fileEncoding = 4; lastKnownFileType = sourcecode.c.h; name = ARDriver.h; path = PTAM/ARDriver.h; sourceTree = SOURCE_ROOT; };
		87A7C70212093D410053A3B4 /* ATANCamera.cc */ = {isa = PBXFileReference; fileEncoding = 4; lastKnownFileType = sourcecode.cpp.cpp; name = ATANCamera.cc; path = PTAM/ATANCamera.cc; sourceTree = SOURCE_ROOT; };
		87A7C70312093D410053A3B4 /* ATANCamera.h */ = {isa = PBXFileReference; fileEncoding = 4; lastKnownFileType = sourcecode.c.h; name = ATANCamera.h; path = PTAM/ATANCamera.h; sourceTree = SOURCE_ROOT; };
		87A7C70412093D410053A3B4 /* Bundle.cc */ = {isa = PBXFileReference; fileEncoding = 4; lastKnownFileType = sourcecode.cpp.cpp; name = Bundle.cc; path = PTAM/Bundle.cc; sourceTree = SOURCE_ROOT; };
		87A7C70512093D410053A3B4 /* Bundle.h */ = {isa = PBXFileReference; fileEncoding = 4; lastKnownFileType = sourcecode.c.h; name = Bundle.h; path = PTAM/Bundle.h; sourceTree = SOURCE_ROOT; };
		87A7C70612093D410053A3B4 /* CalibCornerPatch.cc */ = {isa = PBXFileReference; fileEncoding = 4; lastKnownFileType = sourcecode.cpp.cpp; name = CalibCornerPatch.cc; path = PTAM/CalibCornerPatch.cc; sourceTree = SOURCE_ROOT; };
		87A7C70712093D410053A3B4 /* CalibCornerPatch.h */ = {isa = PBXFileReference; fileEncoding = 4; lastKnownFileType = sourcecode.c.h; name = CalibCornerPatch.h; path = PTAM/CalibCornerPatch.h; sourceTree = SOURCE_ROOT; };
		87A7C70812093D410053A3B4 /* CalibImage.cc */ = {isa = PBXFileReference; fileEncoding = 4; lastKnownFileType = sourcecode.cpp.cpp; name = CalibImage.cc; path = PTAM/CalibImage.cc; sourceTree = SOURCE_ROOT; };
		87A7C70912093D410053A3B4 /* CalibImage.h */ = {isa = PBXFileReference; fileEncoding = 4; lastKnownFileType = sourcecode.c.h; name = CalibImage.h; path = PTAM/CalibImage.h; sourceTree = SOURCE_ROOT; };
		87A7C70A12093D410053A3B4 /* CHANGELOG.txt */ = {isa = PBXFileReference; fileEncoding = 4; lastKnownFileType = text; name = CHANGELOG.txt; path = PTAM/CHANGELOG.txt; sourceTree = SOURCE_ROOT; };
		87A7C70B12093D410053A3B4 /* EyeGame.cc */ = {isa = PBXFileReference; fileEncoding = 4; lastKnownFileType = sourcecode.cpp.cpp; name = EyeGame.cc; path = PTAM/EyeGame.cc; sourceTree = SOURCE_ROOT; };
		87A7C70C12093D410053A3B4 /* EyeGame.h */ = {isa = PBXFileReference; fileEncoding = 4; lastKnownFileType = sourcecode.c.h; name = EyeGame.h; path = PTAM/EyeGame.h; sourceTree = SOURCE_ROOT; };
		87A7C70D12093D410053A3B4 /* HomographyInit.cc */ = {isa = PBXFileReference; fileEncoding = 4; lastKnownFileType = sourcecode.cpp.cpp; name = HomographyInit.cc; path = PTAM/HomographyInit.cc; sourceTree = SOURCE_ROOT; };
		87A7C70E12093D410053A3B4 /* HomographyInit.h */ = {isa = PBXFileReference; fileEncoding = 4; lastKnownFileType = sourcecode.c.h; name = HomographyInit.h; path = PTAM/HomographyInit.h; sourceTree = SOURCE_ROOT; };
		87A7C70F12093D410053A3B4 /* KeyFrame.cc */ = {isa = PBXFileReference; fileEncoding = 4; lastKnownFileType = sourcecode.cpp.cpp; name = KeyFrame.cc; path = PTAM/KeyFrame.cc; sourceTree = SOURCE_ROOT; };
		87A7C71012093D410053A3B4 /* KeyFrame.h */ = {isa = PBXFileReference; fileEncoding = 4; lastKnownFileType = sourcecode.c.h; name = KeyFrame.h; path = PTAM/KeyFrame.h; sourceTree = SOURCE_ROOT; };
		87A7C71112093D410053A3B4 /* LevelHelpers.h */ = {isa = PBXFileReference; fileEncoding = 4; lastKnownFileType = sourcecode.c.h; name = LevelHelpers.h; path = PTAM/LevelHelpers.h; sourceTree = SOURCE_ROOT; };
		87A7C71212093D410053A3B4 /* LICENSE.txt */ = {isa = PBXFileReference; fileEncoding = 4; lastKnownFileType = text; name = LICENSE.txt; path = PTAM/LICENSE.txt; sourceTree = SOURCE_ROOT; };
		87A7C71312093D410053A3B4 /* Map.cc */ = {isa = PBXFileReference; fileEncoding = 4; lastKnownFileType = sourcecode.cpp.cpp; name = Map.cc; path = PTAM/Map.cc; sourceTree = SOURCE_ROOT; };
		87A7C71412093D410053A3B4 /* Map.h */ = {isa = PBXFileReference; fileEncoding = 4; lastKnownFileType = sourcecode.c.h; name = Map.h; path = PTAM/Map.h; sourceTree = SOURCE_ROOT; };
		87A7C71512093D410053A3B4 /* MapMaker.cc */ = {isa = PBXFileReference; fileEncoding = 4; lastKnownFileType = sourcecode.cpp.cpp; name = MapMaker.cc; path = PTAM/MapMaker.cc; sourceTree = SOURCE_ROOT; };
		87A7C71612093D410053A3B4 /* MapMaker.h */ = {isa = PBXFileReference; fileEncoding = 4; lastKnownFileType = sourcecode.c.h; name = MapMaker.h; path = PTAM/MapMaker.h; sourceTree = SOURCE_ROOT; };
		87A7C71712093D410053A3B4 /* MapPoint.cc */ = {isa = PBXFileReference; fileEncoding = 4; lastKnownFileType = sourcecode.cpp.cpp; name = MapPoint.cc; path = PTAM/MapPoint.cc; sourceTree = SOURCE_ROOT; };
		87A7C71812093D410053A3B4 /* MapPoint.h */ = {isa = PBXFileReference; fileEncoding = 4; lastKnownFileType = sourcecode.c.h; name = MapPoint.h; path = PTAM/MapPoint.h; sourceTree = SOURCE_ROOT; };
		87A7C71912093D410053A3B4 /* MapViewer.cc */ = {isa = PBXFileReference; fileEncoding = 4; lastKnownFileType = sourcecode.cpp.cpp; name = MapViewer.cc; path = PTAM/MapViewer.cc; sourceTree = SOURCE_ROOT; };
		87A7C71A12093D410053A3B4 /* MapViewer.h */ = {isa = PBXFileReference; fileEncoding = 4; lastKnownFileType = sourcecode.c.h; name = MapViewer.h; path = PTAM/MapViewer.h; sourceTree = SOURCE_ROOT; };
		87A7C71B12093D410053A3B4 /* MEstimator.h */ = {isa = PBXFileReference; fileEncoding = 4; lastKnownFileType = sourcecode.c.h; name = MEstimator.h; path = PTAM/MEstimator.h; sourceTree = SOURCE_ROOT; };
		87A7C71C12093D410053A3B4 /* MiniPatch.cc */ = {isa = PBXFileReference; fileEncoding = 4; lastKnownFileType = sourcecode.cpp.cpp; name = MiniPatch.cc; path = PTAM/MiniPatch.cc; sourceTree = SOURCE_ROOT; };
		87A7C71D12093D410053A3B4 /* MiniPatch.h */ = {isa = PBXFileReference; fileEncoding = 4; lastKnownFileType = sourcecode.c.h; name = MiniPatch.h; path = PTAM/MiniPatch.h; sourceTree = SOURCE_ROOT; };
		87A7C71E12093D410053A3B4 /* OpenGL.h */ = {isa = PBXFileReference; fileEncoding = 4; lastKnownFileType = sourcecode.c.h; name = OpenGL.h; path = PTAM/OpenGL.h; sourceTree = SOURCE_ROOT; };
		87A7C71F12093D410053A3B4 /* PatchFinder.cc */ = {isa = PBXFileReference; fileEncoding = 4; lastKnownFileType = sourcecode.cpp.cpp; name = PatchFinder.cc; path = PTAM/PatchFinder.cc; sourceTree = SOURCE_ROOT; };
		87A7C72012093D410053A3B4 /* PatchFinder.h */ = {isa = PBXFileReference; fileEncoding = 4; lastKnownFileType = sourcecode.c.h; name = PatchFinder.h; path = PTAM/PatchFinder.h; sourceTree = SOURCE_ROOT; };
		87A7C72112093D410053A3B4 /* README.txt */ = {isa = PBXFileReference; fileEncoding = 4; lastKnownFileType = text; name = README.txt; path = PTAM/README.txt; sourceTree = SOURCE_ROOT; };
		87A7C72212093D410053A3B4 /* Relocaliser.cc */ = {isa = PBXFileReference; fileEncoding = 4; lastKnownFileType = sourcecode.cpp.cpp; name = Relocaliser.cc; path = PTAM/Relocaliser.cc; sourceTree = SOURCE_ROOT; };
		87A7C72312093D410053A3B4 /* Relocaliser.h */ = {isa = PBXFileReference; fileEncoding = 4; lastKnownFileType = sourcecode.c.h; name = Relocaliser.h; path = PTAM/Relocaliser.h; sourceTree = SOURCE_ROOT; };
		87A7C72412093D410053A3B4 /* ShiTomasi.cc */ = {isa = PBXFileReference; fileEncoding = 4; lastKnownFileType = sourcecode.cpp.cpp; name = ShiTomasi.cc; path = PTAM/ShiTomasi.cc; sourceTree = SOURCE_ROOT; };
		87A7C72512093D410053A3B4 /* ShiTomasi.h */ = {isa = PBXFileReference; fileEncoding = 4; lastKnownFileType = sourcecode.c.h; name = ShiTomasi.h; path = PTAM/ShiTomasi.h; sourceTree = SOURCE_ROOT; };
		87A7C72612093D410053A3B4 /* SmallBlurryImage.cc */ = {isa = PBXFileReference; fileEncoding = 4; lastKnownFileType = sourcecode.cpp.cpp; name = SmallBlurryImage.cc; path = PTAM/SmallBlurryImage.cc; sourceTree = SOURCE_ROOT; };
		87A7C72712093D410053A3B4 /* SmallBlurryImage.h */ = {isa = PBXFileReference; fileEncoding = 4; lastKnownFileType = sourcecode.c.h; name = SmallBlurryImage.h; path = PTAM/SmallBlurryImage.h; sourceTree = SOURCE_ROOT; };
		87A7C72812093D410053A3B4 /* SmallMatrixOpts.h */ = {isa = PBXFileReference; fileEncoding = 4; lastKnownFileType = sourcecode.c.h; name = SmallMatrixOpts.h; path = PTAM/SmallMatrixOpts.h; sourceTree = SOURCE_ROOT; };
		87A7C72912093D410053A3B4 /* System.cc */ = {isa = PBXFileReference; fileEncoding = 4; lastKnownFileType = sourcecode.cpp.cpp; name = System.cc; path = PTAM/System.cc; sourceTree = SOURCE_ROOT; };
		87A7C72A12093D410053A3B4 /* System.h */ = {isa = PBXFileReference; fileEncoding = 4; lastKnownFileType = sourcecode.c.h; name = System.h; path = PTAM/System.h; sourceTree = SOURCE_ROOT; };
		87A7C72B12093D410053A3B4 /* Tracker.cc */ = {isa = PBXFileReference; fileEncoding = 4; lastKnownFileType = sourcecode.cpp.cpp; name = Tracker.cc; path = PTAM/Tracker.cc; sourceTree = SOURCE_ROOT; };
		87A7C72C12093D410053A3B4 /* Tracker.h */ = {isa = PBXFileReference; fileEncoding = 4; lastKnownFileType = sourcecode.c.h; name = Tracker.h; path = PTAM/Tracker.h; sourceTree = SOURCE_ROOT; };
		87A7C72D12093D410053A3B4 /* TrackerData.h */ = {isa = PBXFileReference; fileEncoding = 4; lastKnownFileType = sourcecode.c.h; name = TrackerData.h; path = PTAM/TrackerData.h; sourceTree = SOURCE_ROOT; };
		87A7C7D2120945A30053A3B4 /* Accelerate.framework */ = {isa = PBXFileReference; lastKnownFileType = wrapper.framework; name = Accelerate.framework; path = /System/Library/Frameworks/Accelerate.framework; sourceTree = "<absolute>"; };
		E45BE0390E8CC647009D7055 /* FreeImage.h */ = {isa = PBXFileReference; fileEncoding = 4; lastKnownFileType = sourcecode.c.h; name = FreeImage.h; path = ../../../libs/freeimage/include/FreeImage.h; sourceTree = SOURCE_ROOT; };
		E45BE03F0E8CC650009D7055 /* fmod.h */ = {isa = PBXFileReference; fileEncoding = 4; lastKnownFileType = sourcecode.c.h; name = fmod.h; path = ../../../libs/fmodex/include/fmod.h; sourceTree = SOURCE_ROOT; };
		E45BE0400E8CC650009D7055 /* fmod.hpp */ = {isa = PBXFileReference; fileEncoding = 4; lastKnownFileType = sourcecode.cpp.h; name = fmod.hpp; path = ../../../libs/fmodex/include/fmod.hpp; sourceTree = SOURCE_ROOT; };
		E45BE0410E8CC650009D7055 /* fmod_codec.h */ = {isa = PBXFileReference; fileEncoding = 4; lastKnownFileType = sourcecode.c.h; name = fmod_codec.h; path = ../../../libs/fmodex/include/fmod_codec.h; sourceTree = SOURCE_ROOT; };
		E45BE0420E8CC650009D7055 /* fmod_dsp.h */ = {isa = PBXFileReference; fileEncoding = 4; lastKnownFileType = sourcecode.c.h; name = fmod_dsp.h; path = ../../../libs/fmodex/include/fmod_dsp.h; sourceTree = SOURCE_ROOT; };
		E45BE0430E8CC650009D7055 /* fmod_errors.h */ = {isa = PBXFileReference; fileEncoding = 4; lastKnownFileType = sourcecode.c.h; name = fmod_errors.h; path = ../../../libs/fmodex/include/fmod_errors.h; sourceTree = SOURCE_ROOT; };
		E45BE0440E8CC650009D7055 /* fmod_output.h */ = {isa = PBXFileReference; fileEncoding = 4; lastKnownFileType = sourcecode.c.h; name = fmod_output.h; path = ../../../libs/fmodex/include/fmod_output.h; sourceTree = SOURCE_ROOT; };
		E45BE2E00E8CC69C009D7055 /* RtAudio.h */ = {isa = PBXFileReference; fileEncoding = 4; lastKnownFileType = sourcecode.c.h; name = RtAudio.h; path = ../../../libs/rtAudio/include/RtAudio.h; sourceTree = SOURCE_ROOT; };
		E45BE2E10E8CC69C009D7055 /* RtError.h */ = {isa = PBXFileReference; fileEncoding = 4; lastKnownFileType = sourcecode.c.h; name = RtError.h; path = ../../../libs/rtAudio/include/RtError.h; sourceTree = SOURCE_ROOT; };
		E45BE2E30E8CC69C009D7055 /* rtAudio.a */ = {isa = PBXFileReference; lastKnownFileType = archive.ar; name = rtAudio.a; path = ../../../libs/rtAudio/lib/osx/rtAudio.a; sourceTree = SOURCE_ROOT; };
		E45BE9710E8CC7DD009D7055 /* AGL.framework */ = {isa = PBXFileReference; lastKnownFileType = wrapper.framework; name = AGL.framework; path = /System/Library/Frameworks/AGL.framework; sourceTree = "<absolute>"; };
		E45BE9720E8CC7DD009D7055 /* ApplicationServices.framework */ = {isa = PBXFileReference; lastKnownFileType = wrapper.framework; name = ApplicationServices.framework; path = /System/Library/Frameworks/ApplicationServices.framework; sourceTree = "<absolute>"; };
		E45BE9730E8CC7DD009D7055 /* AudioToolbox.framework */ = {isa = PBXFileReference; lastKnownFileType = wrapper.framework; name = AudioToolbox.framework; path = /System/Library/Frameworks/AudioToolbox.framework; sourceTree = "<absolute>"; };
		E45BE9740E8CC7DD009D7055 /* Carbon.framework */ = {isa = PBXFileReference; lastKnownFileType = wrapper.framework; name = Carbon.framework; path = /System/Library/Frameworks/Carbon.framework; sourceTree = "<absolute>"; };
		E45BE9750E8CC7DD009D7055 /* CoreAudio.framework */ = {isa = PBXFileReference; lastKnownFileType = wrapper.framework; name = CoreAudio.framework; path = /System/Library/Frameworks/CoreAudio.framework; sourceTree = "<absolute>"; };
		E45BE9760E8CC7DD009D7055 /* CoreFoundation.framework */ = {isa = PBXFileReference; lastKnownFileType = wrapper.framework; name = CoreFoundation.framework; path = /System/Library/Frameworks/CoreFoundation.framework; sourceTree = "<absolute>"; };
		E45BE9770E8CC7DD009D7055 /* CoreServices.framework */ = {isa = PBXFileReference; lastKnownFileType = wrapper.framework; name = CoreServices.framework; path = /System/Library/Frameworks/CoreServices.framework; sourceTree = "<absolute>"; };
		E45BE9790E8CC7DD009D7055 /* OpenGL.framework */ = {isa = PBXFileReference; lastKnownFileType = wrapper.framework; name = OpenGL.framework; path = /System/Library/Frameworks/OpenGL.framework; sourceTree = "<absolute>"; };
		E45BE97A0E8CC7DD009D7055 /* QuickTime.framework */ = {isa = PBXFileReference; lastKnownFileType = wrapper.framework; name = QuickTime.framework; path = /System/Library/Frameworks/QuickTime.framework; sourceTree = "<absolute>"; };
		E4B69B5B0A3A1756003C02F2 /* PTAMDebug.app */ = {isa = PBXFileReference; explicitFileType = wrapper.application; includeInIndex = 0; path = PTAMDebug.app; sourceTree = BUILT_PRODUCTS_DIR; };
		E4B69E1D0A3A1BDC003C02F2 /* main.cpp */ = {isa = PBXFileReference; fileEncoding = 30; lastKnownFileType = sourcecode.cpp.cpp; name = main.cpp; path = src/main.cpp; sourceTree = SOURCE_ROOT; };
		E4B69E1E0A3A1BDC003C02F2 /* testApp.cpp */ = {isa = PBXFileReference; explicitFileType = sourcecode.cpp.cpp; fileEncoding = 30; name = testApp.cpp; path = src/testApp.cpp; sourceTree = SOURCE_ROOT; };
		E4B69E1F0A3A1BDC003C02F2 /* testApp.h */ = {isa = PBXFileReference; fileEncoding = 30; lastKnownFileType = sourcecode.c.h; name = testApp.h; path = src/testApp.h; sourceTree = SOURCE_ROOT; };
		E4B6FCAD0C3E899E008CF71C /* openFrameworks-Info.plist */ = {isa = PBXFileReference; fileEncoding = 30; lastKnownFileType = text.plist.xml; path = "openFrameworks-Info.plist"; sourceTree = "<group>"; };
		E4C2421610CC549C004149E2 /* openFrameworksLib.xcodeproj */ = {isa = PBXFileReference; lastKnownFileType = "wrapper.pb-project"; name = openFrameworksLib.xcodeproj; path = ../../../libs/openFrameworksCompiled/project/osx/openFrameworksLib.xcodeproj; sourceTree = SOURCE_ROOT; };
		E4C2424410CC5A17004149E2 /* AppKit.framework */ = {isa = PBXFileReference; lastKnownFileType = wrapper.framework; name = AppKit.framework; path = /System/Library/Frameworks/AppKit.framework; sourceTree = "<absolute>"; };
		E4C2424510CC5A17004149E2 /* Cocoa.framework */ = {isa = PBXFileReference; lastKnownFileType = wrapper.framework; name = Cocoa.framework; path = /System/Library/Frameworks/Cocoa.framework; sourceTree = "<absolute>"; };
		E4C2424610CC5A17004149E2 /* IOKit.framework */ = {isa = PBXFileReference; lastKnownFileType = wrapper.framework; name = IOKit.framework; path = /System/Library/Frameworks/IOKit.framework; sourceTree = "<absolute>"; };
		E4C2425F10CC5A78004149E2 /* GLUT.framework */ = {isa = PBXFileReference; lastKnownFileType = wrapper.framework; name = GLUT.framework; path = ../../../libs/glut/lib/osx/GLUT.framework; sourceTree = SOURCE_ROOT; };
		E4C2427A10CC5B66004149E2 /* CppUnit.a */ = {isa = PBXFileReference; lastKnownFileType = archive.ar; name = CppUnit.a; path = ../../../libs/poco/lib/osx/CppUnit.a; sourceTree = SOURCE_ROOT; };
		E4C2427B10CC5B66004149E2 /* PocoFoundation.a */ = {isa = PBXFileReference; lastKnownFileType = archive.ar; name = PocoFoundation.a; path = ../../../libs/poco/lib/osx/PocoFoundation.a; sourceTree = SOURCE_ROOT; };
		E4C2427C10CC5B66004149E2 /* PocoNet.a */ = {isa = PBXFileReference; lastKnownFileType = archive.ar; name = PocoNet.a; path = ../../../libs/poco/lib/osx/PocoNet.a; sourceTree = SOURCE_ROOT; };
		E4C2427D10CC5B66004149E2 /* PocoUtil.a */ = {isa = PBXFileReference; lastKnownFileType = archive.ar; name = PocoUtil.a; path = ../../../libs/poco/lib/osx/PocoUtil.a; sourceTree = SOURCE_ROOT; };
		E4C2427E10CC5B66004149E2 /* PocoXML.a */ = {isa = PBXFileReference; lastKnownFileType = archive.ar; name = PocoXML.a; path = ../../../libs/poco/lib/osx/PocoXML.a; sourceTree = SOURCE_ROOT; };
		E4C2429310CC5C38004149E2 /* freetype.a */ = {isa = PBXFileReference; lastKnownFileType = archive.ar; name = freetype.a; path = ../../../libs/freetype/lib/osx/freetype.a; sourceTree = SOURCE_ROOT; };
		E4C242CC10CC650E004149E2 /* libfmodex.dylib */ = {isa = PBXFileReference; lastKnownFileType = "compiled.mach-o.dylib"; name = libfmodex.dylib; path = ../../../libs/fmodex/lib/osx/libfmodex.dylib; sourceTree = SOURCE_ROOT; };
		E4C246D910CCAE22004149E2 /* freeimage.a */ = {isa = PBXFileReference; lastKnownFileType = archive.ar; name = freeimage.a; path = ../../../libs/FreeImage/lib/osx/freeimage.a; sourceTree = SOURCE_ROOT; };
/* End PBXFileReference section */

/* Begin PBXFrameworksBuildPhase section */
		E4B69B590A3A1756003C02F2 /* Frameworks */ = {
			isa = PBXFrameworksBuildPhase;
			buildActionMask = 2147483647;
			files = (
				E4C2422B10CC554B004149E2 /* openFrameworksDebug.a in Frameworks */,
				E45BE2E40E8CC69C009D7055 /* rtAudio.a in Frameworks */,
				E45BE97B0E8CC7DD009D7055 /* AGL.framework in Frameworks */,
				E45BE97C0E8CC7DD009D7055 /* ApplicationServices.framework in Frameworks */,
				E45BE97D0E8CC7DD009D7055 /* AudioToolbox.framework in Frameworks */,
				E45BE97E0E8CC7DD009D7055 /* Carbon.framework in Frameworks */,
				E45BE97F0E8CC7DD009D7055 /* CoreAudio.framework in Frameworks */,
				E45BE9800E8CC7DD009D7055 /* CoreFoundation.framework in Frameworks */,
				E45BE9810E8CC7DD009D7055 /* CoreServices.framework in Frameworks */,
				E45BE9830E8CC7DD009D7055 /* OpenGL.framework in Frameworks */,
				E45BE9840E8CC7DD009D7055 /* QuickTime.framework in Frameworks */,
				E4C2424710CC5A17004149E2 /* AppKit.framework in Frameworks */,
				E4C2424810CC5A17004149E2 /* Cocoa.framework in Frameworks */,
				E4C2424910CC5A17004149E2 /* IOKit.framework in Frameworks */,
				E4C2426610CC5A78004149E2 /* GLUT.framework in Frameworks */,
				E4C2427F10CC5B66004149E2 /* CppUnit.a in Frameworks */,
				E4C2428010CC5B66004149E2 /* PocoFoundation.a in Frameworks */,
				E4C2428110CC5B66004149E2 /* PocoNet.a in Frameworks */,
				E4C2428210CC5B66004149E2 /* PocoUtil.a in Frameworks */,
				E4C2428310CC5B66004149E2 /* PocoXML.a in Frameworks */,
				E4C2429410CC5C38004149E2 /* freetype.a in Frameworks */,
				E4C242CD10CC650E004149E2 /* libfmodex.dylib in Frameworks */,
				E4C246DA10CCAE22004149E2 /* freeimage.a in Frameworks */,
				87A7C7D3120945A30053A3B4 /* Accelerate.framework in Frameworks */,
			);
			runOnlyForDeploymentPostprocessing = 0;
		};
/* End PBXFrameworksBuildPhase section */

/* Begin PBXGroup section */
		87A7C667120939F50053A3B4 /* ofx3DModelLoader */ = {
			isa = PBXGroup;
			children = (
				87A7C669120939F50053A3B4 /* src */,
			);
			name = ofx3DModelLoader;
			path = ../../../addons/ofx3DModelLoader;
			sourceTree = SOURCE_ROOT;
		};
		87A7C669120939F50053A3B4 /* src */ = {
			isa = PBXGroup;
			children = (
				87A7C66A120939F50053A3B4 /* 3DS */,
				87A7C670120939F50053A3B4 /* ofx3DBaseLoader.h */,
				87A7C671120939F50053A3B4 /* ofx3dModelLoader.cpp */,
				87A7C672120939F50053A3B4 /* ofx3DModelLoader.h */,
			);
			name = src;
			path = ../../../addons/ofx3DModelLoader/src;
			sourceTree = SOURCE_ROOT;
		};
		87A7C66A120939F50053A3B4 /* 3DS */ = {
			isa = PBXGroup;
			children = (
				87A7C66B120939F50053A3B4 /* model3DS.cpp */,
				87A7C66C120939F50053A3B4 /* model3DS.h */,
				87A7C66D120939F50053A3B4 /* texture3DS.cpp */,
				87A7C66E120939F50053A3B4 /* texture3DS.h */,
				87A7C66F120939F50053A3B4 /* Vector3DS.h */,
			);
			name = 3DS;
			path = ../../../addons/ofx3DModelLoader/src/3DS;
			sourceTree = SOURCE_ROOT;
		};
		87A7C673120939F50053A3B4 /* ofxMSATimer */ = {
			isa = PBXGroup;
			children = (
				87A7C674120939F50053A3B4 /* src */,
			);
			name = ofxMSATimer;
			path = ../../../addons/ofxMSATimer;
			sourceTree = SOURCE_ROOT;
		};
		87A7C674120939F50053A3B4 /* src */ = {
			isa = PBXGroup;
			children = (
				87A7C675120939F50053A3B4 /* ofxMSATimer.cpp */,
				87A7C676120939F50053A3B4 /* ofxMSATimer.h */,
			);
			name = src;
			path = ../../../addons/ofxMSATimer/src;
			sourceTree = SOURCE_ROOT;
		};
		87A7C6B6120939F50053A3B4 /* ofxThread */ = {
			isa = PBXGroup;
			children = (
				87A7C6BA120939F50053A3B4 /* src */,
			);
			name = ofxThread;
			path = ../../../addons/ofxThread;
			sourceTree = SOURCE_ROOT;
		};
		87A7C6BA120939F50053A3B4 /* src */ = {
			isa = PBXGroup;
			children = (
				87A7C6BB120939F50053A3B4 /* ofxThread.cpp */,
				87A7C6BC120939F50053A3B4 /* ofxThread.h */,
			);
			name = src;
			path = ../../../addons/ofxThread/src;
			sourceTree = SOURCE_ROOT;
		};
		87A7C6BD120939F50053A3B4 /* ofxWebSocket */ = {
			isa = PBXGroup;
			children = (
				87A7C6BE120939F50053A3B4 /* lib */,
				87A7C6C1120939F50053A3B4 /* src */,
			);
			name = ofxWebSocket;
			path = ../../../addons/ofxWebSocket;
			sourceTree = SOURCE_ROOT;
		};
		87A7C6BE120939F50053A3B4 /* lib */ = {
			isa = PBXGroup;
			children = (
				87A7C6BF120939F50053A3B4 /* md5.c */,
				87A7C6C0120939F50053A3B4 /* md5.h */,
			);
			name = lib;
			path = ../../../addons/ofxWebSocket/lib;
			sourceTree = SOURCE_ROOT;
		};
		87A7C6C1120939F50053A3B4 /* src */ = {
			isa = PBXGroup;
			children = (
				87A7C6C2120939F50053A3B4 /* ThreadedWebSocketServer.h */,
				87A7C6C3120939F50053A3B4 /* WebSocketConfig.h */,
				87A7C6C4120939F50053A3B4 /* WebSocketHandler.cpp */,
				87A7C6C5120939F50053A3B4 /* WebSocketHandler.h */,
				87A7C6C6120939F50053A3B4 /* WebSocketServer.h */,
			);
			name = src;
			path = ../../../addons/ofxWebSocket/src;
			sourceTree = SOURCE_ROOT;
		};
		87A7C6FC12093D400053A3B4 /* GLee */ = {
			isa = PBXGroup;
			children = (
				87A7C6FD12093D400053A3B4 /* GLee.c */,
				87A7C6FE12093D400053A3B4 /* GLee.h */,
			);
			path = GLee;
			sourceTree = SOURCE_ROOT;
		};
		87A7C6FF12093D400053A3B4 /* PTAM */ = {
			isa = PBXGroup;
			children = (
				87A7C70012093D410053A3B4 /* ARDriver.cc */,
				87A7C70112093D410053A3B4 /* ARDriver.h */,
				87A7C70212093D410053A3B4 /* ATANCamera.cc */,
				87A7C70312093D410053A3B4 /* ATANCamera.h */,
				87A7C70412093D410053A3B4 /* Bundle.cc */,
				87A7C70512093D410053A3B4 /* Bundle.h */,
				87A7C70612093D410053A3B4 /* CalibCornerPatch.cc */,
				87A7C70712093D410053A3B4 /* CalibCornerPatch.h */,
				87A7C70812093D410053A3B4 /* CalibImage.cc */,
				87A7C70912093D410053A3B4 /* CalibImage.h */,
				87A7C70A12093D410053A3B4 /* CHANGELOG.txt */,
				87A7C70B12093D410053A3B4 /* EyeGame.cc */,
				87A7C70C12093D410053A3B4 /* EyeGame.h */,
				87A7C70D12093D410053A3B4 /* HomographyInit.cc */,
				87A7C70E12093D410053A3B4 /* HomographyInit.h */,
				87A7C70F12093D410053A3B4 /* KeyFrame.cc */,
				87A7C71012093D410053A3B4 /* KeyFrame.h */,
				87A7C71112093D410053A3B4 /* LevelHelpers.h */,
				87A7C71212093D410053A3B4 /* LICENSE.txt */,
				87A7C71312093D410053A3B4 /* Map.cc */,
				87A7C71412093D410053A3B4 /* Map.h */,
				87A7C71512093D410053A3B4 /* MapMaker.cc */,
				87A7C71612093D410053A3B4 /* MapMaker.h */,
				87A7C71712093D410053A3B4 /* MapPoint.cc */,
				87A7C71812093D410053A3B4 /* MapPoint.h */,
				87A7C71912093D410053A3B4 /* MapViewer.cc */,
				87A7C71A12093D410053A3B4 /* MapViewer.h */,
				87A7C71B12093D410053A3B4 /* MEstimator.h */,
				87A7C71C12093D410053A3B4 /* MiniPatch.cc */,
				87A7C71D12093D410053A3B4 /* MiniPatch.h */,
				87A7C71E12093D410053A3B4 /* OpenGL.h */,
				87A7C71F12093D410053A3B4 /* PatchFinder.cc */,
				87A7C72012093D410053A3B4 /* PatchFinder.h */,
				87A7C72112093D410053A3B4 /* README.txt */,
				87A7C72212093D410053A3B4 /* Relocaliser.cc */,
				87A7C72312093D410053A3B4 /* Relocaliser.h */,
				87A7C72412093D410053A3B4 /* ShiTomasi.cc */,
				87A7C72512093D410053A3B4 /* ShiTomasi.h */,
				87A7C72612093D410053A3B4 /* SmallBlurryImage.cc */,
				87A7C72712093D410053A3B4 /* SmallBlurryImage.h */,
				87A7C72812093D410053A3B4 /* SmallMatrixOpts.h */,
				87A7C72912093D410053A3B4 /* System.cc */,
				87A7C72A12093D410053A3B4 /* System.h */,
				87A7C72B12093D410053A3B4 /* Tracker.cc */,
				87A7C72C12093D410053A3B4 /* Tracker.h */,
				87A7C72D12093D410053A3B4 /* TrackerData.h */,
			);
			path = PTAM;
			sourceTree = SOURCE_ROOT;
		};
		BB4B014C10F69532006C3DED /* addons */ = {
			isa = PBXGroup;
			children = (
				87A7C667120939F50053A3B4 /* ofx3DModelLoader */,
				87A7C673120939F50053A3B4 /* ofxMSATimer */,
				87A7C6B6120939F50053A3B4 /* ofxThread */,
				87A7C6BD120939F50053A3B4 /* ofxWebSocket */,
			);
			name = addons;
			sourceTree = "<group>";
		};
		E45BE0360E8CC5DE009D7055 /* libs */ = {
			isa = PBXGroup;
			children = (
				E45BEED60E8CCB34009D7055 /* core */,
			);
			name = libs;
			sourceTree = "<group>";
		};
		E45BE0370E8CC647009D7055 /* freeimage */ = {
			isa = PBXGroup;
			children = (
				E4C246D810CCAE22004149E2 /* osx */,
				E45BE0380E8CC647009D7055 /* include */,
			);
			name = freeimage;
			path = ../../../libs/freeimage;
			sourceTree = SOURCE_ROOT;
		};
		E45BE0380E8CC647009D7055 /* include */ = {
			isa = PBXGroup;
			children = (
				E45BE0390E8CC647009D7055 /* FreeImage.h */,
			);
			name = include;
			path = ../../../libs/freeimage/include;
			sourceTree = SOURCE_ROOT;
		};
		E45BE03D0E8CC650009D7055 /* fmodex */ = {
			isa = PBXGroup;
			children = (
				E45BE03E0E8CC650009D7055 /* inc */,
				E4C2428E10CC5C18004149E2 /* osx */,
			);
			name = fmodex;
			path = ../../../libs/fmodex;
			sourceTree = SOURCE_ROOT;
		};
		E45BE03E0E8CC650009D7055 /* inc */ = {
			isa = PBXGroup;
			children = (
				E45BE03F0E8CC650009D7055 /* fmod.h */,
				E45BE0400E8CC650009D7055 /* fmod.hpp */,
				E45BE0410E8CC650009D7055 /* fmod_codec.h */,
				E45BE0420E8CC650009D7055 /* fmod_dsp.h */,
				E45BE0430E8CC650009D7055 /* fmod_errors.h */,
				E45BE0440E8CC650009D7055 /* fmod_output.h */,
			);
			name = inc;
			path = ../../../libs/fmodex/include;
			sourceTree = SOURCE_ROOT;
		};
		E45BE0480E8CC657009D7055 /* core libraries */ = {
			isa = PBXGroup;
			children = (
				E4C2425B10CC5A78004149E2 /* glut */,
				E45BEC7B0E8CC911009D7055 /* poco */,
				E45BE2D50E8CC69C009D7055 /* rtAudio */,
				E45BE0490E8CC676009D7055 /* freetype */,
				E45BE03D0E8CC650009D7055 /* fmodex */,
				E45BE0370E8CC647009D7055 /* freeimage */,
			);
			name = "core libraries";
			sourceTree = "<group>";
		};
		E45BE0490E8CC676009D7055 /* freetype */ = {
			isa = PBXGroup;
			children = (
				E4C2429210CC5C38004149E2 /* osx */,
			);
			name = freetype;
			path = ../../../libs/freetype;
			sourceTree = SOURCE_ROOT;
		};
		E45BE2D50E8CC69C009D7055 /* rtAudio */ = {
			isa = PBXGroup;
			children = (
				E45BE2D60E8CC69C009D7055 /* include */,
				E45BE2E20E8CC69C009D7055 /* lib */,
			);
			name = rtAudio;
			path = ../../../libs/rtAudio;
			sourceTree = SOURCE_ROOT;
		};
		E45BE2D60E8CC69C009D7055 /* include */ = {
			isa = PBXGroup;
			children = (
				E45BE2D70E8CC69C009D7055 /* asio */,
				E45BE2E00E8CC69C009D7055 /* RtAudio.h */,
				E45BE2E10E8CC69C009D7055 /* RtError.h */,
			);
			name = include;
			path = ../../../libs/rtAudio/include;
			sourceTree = SOURCE_ROOT;
		};
		E45BE2D70E8CC69C009D7055 /* asio */ = {
			isa = PBXGroup;
			children = (
			);
			name = asio;
			path = ../../../libs/rtAudio/include/asio;
			sourceTree = SOURCE_ROOT;
		};
		E45BE2E20E8CC69C009D7055 /* lib */ = {
			isa = PBXGroup;
			children = (
				E45BE2E30E8CC69C009D7055 /* rtAudio.a */,
			);
			name = lib;
			path = ../../../libs/rtAudio/lib/osx;
			sourceTree = SOURCE_ROOT;
		};
		E45BE5980E8CC70C009D7055 /* core frameworks */ = {
			isa = PBXGroup;
			children = (
				E4C2424410CC5A17004149E2 /* AppKit.framework */,
				E4C2424510CC5A17004149E2 /* Cocoa.framework */,
				E4C2424610CC5A17004149E2 /* IOKit.framework */,
				E45BE9710E8CC7DD009D7055 /* AGL.framework */,
				E45BE9720E8CC7DD009D7055 /* ApplicationServices.framework */,
				E45BE9730E8CC7DD009D7055 /* AudioToolbox.framework */,
				E45BE9740E8CC7DD009D7055 /* Carbon.framework */,
				E45BE9750E8CC7DD009D7055 /* CoreAudio.framework */,
				E45BE9760E8CC7DD009D7055 /* CoreFoundation.framework */,
				E45BE9770E8CC7DD009D7055 /* CoreServices.framework */,
				E45BE9790E8CC7DD009D7055 /* OpenGL.framework */,
				E45BE97A0E8CC7DD009D7055 /* QuickTime.framework */,
			);
			name = "core frameworks";
			sourceTree = "<group>";
		};
		E45BEC7B0E8CC911009D7055 /* poco */ = {
			isa = PBXGroup;
			children = (
				E4C2427910CC5B66004149E2 /* osx */,
			);
			name = poco;
			path = ../../../libs/poco;
			sourceTree = SOURCE_ROOT;
		};
		E45BEED60E8CCB34009D7055 /* core */ = {
			isa = PBXGroup;
			children = (
				E45BE0480E8CC657009D7055 /* core libraries */,
				E45BE5980E8CC70C009D7055 /* core frameworks */,
			);
			name = core;
			sourceTree = "<group>";
		};
		E4B69B4A0A3A1720003C02F2 = {
			isa = PBXGroup;
			children = (
				87A7C6FC12093D400053A3B4 /* GLee */,
				87A7C6FF12093D400053A3B4 /* PTAM */,
				E4B69B5B0A3A1756003C02F2 /* PTAMDebug.app */,
				E4B6FCAD0C3E899E008CF71C /* openFrameworks-Info.plist */,
				E4B69E1C0A3A1BDC003C02F2 /* src */,
				E4C2422310CC54B6004149E2 /* openFrameworks */,
				BB4B014C10F69532006C3DED /* addons */,
				E45BE0360E8CC5DE009D7055 /* libs */,
				87A7C7D2120945A30053A3B4 /* Accelerate.framework */,
			);
			sourceTree = "<group>";
		};
		E4B69E1C0A3A1BDC003C02F2 /* src */ = {
			isa = PBXGroup;
			children = (
				E4B69E1D0A3A1BDC003C02F2 /* main.cpp */,
				E4B69E1E0A3A1BDC003C02F2 /* testApp.cpp */,
				E4B69E1F0A3A1BDC003C02F2 /* testApp.h */,
			);
			path = src;
			sourceTree = SOURCE_ROOT;
		};
		E4C2421710CC549C004149E2 /* Products */ = {
			isa = PBXGroup;
			children = (
				E4C2421E10CC549C004149E2 /* openFrameworksDebug.a */,
			);
			name = Products;
			sourceTree = "<group>";
		};
		E4C2422310CC54B6004149E2 /* openFrameworks */ = {
			isa = PBXGroup;
			children = (
				E4C2421610CC549C004149E2 /* openFrameworksLib.xcodeproj */,
			);
			name = openFrameworks;
			sourceTree = "<group>";
		};
		E4C2425B10CC5A78004149E2 /* glut */ = {
			isa = PBXGroup;
			children = (
				E4C2425D10CC5A78004149E2 /* lib */,
			);
			name = glut;
			path = ../../../libs/glut;
			sourceTree = SOURCE_ROOT;
		};
		E4C2425D10CC5A78004149E2 /* lib */ = {
			isa = PBXGroup;
			children = (
				E4C2425E10CC5A78004149E2 /* osx */,
			);
			name = lib;
			path = ../../../libs/glut/lib;
			sourceTree = SOURCE_ROOT;
		};
		E4C2425E10CC5A78004149E2 /* osx */ = {
			isa = PBXGroup;
			children = (
				E4C2425F10CC5A78004149E2 /* GLUT.framework */,
			);
			name = osx;
			path = ../../../libs/glut/lib/osx;
			sourceTree = SOURCE_ROOT;
		};
		E4C2427910CC5B66004149E2 /* osx */ = {
			isa = PBXGroup;
			children = (
				E4C2427A10CC5B66004149E2 /* CppUnit.a */,
				E4C2427B10CC5B66004149E2 /* PocoFoundation.a */,
				E4C2427C10CC5B66004149E2 /* PocoNet.a */,
				E4C2427D10CC5B66004149E2 /* PocoUtil.a */,
				E4C2427E10CC5B66004149E2 /* PocoXML.a */,
			);
			name = osx;
			path = ../../../libs/poco/lib/osx;
			sourceTree = SOURCE_ROOT;
		};
		E4C2428E10CC5C18004149E2 /* osx */ = {
			isa = PBXGroup;
			children = (
				E4C242CC10CC650E004149E2 /* libfmodex.dylib */,
			);
			name = osx;
			path = ../../../libs/fmodex/lib/osx;
			sourceTree = SOURCE_ROOT;
		};
		E4C2429210CC5C38004149E2 /* osx */ = {
			isa = PBXGroup;
			children = (
				E4C2429310CC5C38004149E2 /* freetype.a */,
			);
			name = osx;
			path = ../../../libs/freetype/lib/osx;
			sourceTree = SOURCE_ROOT;
		};
		E4C246D810CCAE22004149E2 /* osx */ = {
			isa = PBXGroup;
			children = (
				E4C246D910CCAE22004149E2 /* freeimage.a */,
			);
			name = osx;
			path = ../../../libs/FreeImage/lib/osx;
			sourceTree = SOURCE_ROOT;
		};
/* End PBXGroup section */

/* Begin PBXNativeTarget section */
		E4B69B5A0A3A1756003C02F2 /* PTAM */ = {
			isa = PBXNativeTarget;
			buildConfigurationList = E4B69B5F0A3A1757003C02F2 /* Build configuration list for PBXNativeTarget "PTAM" */;
			buildPhases = (
				E4B69B580A3A1756003C02F2 /* Sources */,
				E4B69B590A3A1756003C02F2 /* Frameworks */,
				E4B6FFFD0C3F9AB9008CF71C /* ShellScript */,
				E4C2427710CC5ABF004149E2 /* CopyFiles */,
			);
			buildRules = (
			);
			dependencies = (
				E4C2422810CC54DA004149E2 /* PBXTargetDependency */,
			);
			name = PTAM;
			productName = myOFApp;
			productReference = E4B69B5B0A3A1756003C02F2 /* PTAMDebug.app */;
			productType = "com.apple.product-type.application";
		};
/* End PBXNativeTarget section */

/* Begin PBXProject section */
		E4B69B4C0A3A1720003C02F2 /* Project object */ = {
			isa = PBXProject;
			buildConfigurationList = E4B69B4D0A3A1720003C02F2 /* Build configuration list for PBXProject "PTAM" */;
			compatibilityVersion = "Xcode 3.2";
			hasScannedForEncodings = 0;
			mainGroup = E4B69B4A0A3A1720003C02F2;
			productRefGroup = E4B69B4A0A3A1720003C02F2;
			projectDirPath = "";
			projectReferences = (
				{
					ProductGroup = E4C2421710CC549C004149E2 /* Products */;
					ProjectRef = E4C2421610CC549C004149E2 /* openFrameworksLib.xcodeproj */;
				},
			);
			projectRoot = "";
			targets = (
				E4B69B5A0A3A1756003C02F2 /* PTAM */,
			);
		};
/* End PBXProject section */

/* Begin PBXReferenceProxy section */
		E4C2421E10CC549C004149E2 /* openFrameworksDebug.a */ = {
			isa = PBXReferenceProxy;
			fileType = archive.ar;
			path = openFrameworksDebug.a;
			remoteRef = E4C2421D10CC549C004149E2 /* PBXContainerItemProxy */;
			sourceTree = BUILT_PRODUCTS_DIR;
		};
/* End PBXReferenceProxy section */

/* Begin PBXShellScriptBuildPhase section */
		E4B6FFFD0C3F9AB9008CF71C /* ShellScript */ = {
			isa = PBXShellScriptBuildPhase;
			buildActionMask = 2147483647;
			files = (
			);
			inputPaths = (
			);
			outputPaths = (
			);
			runOnlyForDeploymentPostprocessing = 0;
			shellPath = /bin/sh;
			shellScript = "cp -f ../../../libs/fmodex/lib/osx/libfmodex.dylib \"$TARGET_BUILD_DIR/$PRODUCT_NAME.app/Contents/MacOS/libfmodex.dylib\"\ninstall_name_tool -change ./libfmodex.dylib @executable_path/libfmodex.dylib \"$TARGET_BUILD_DIR/$PRODUCT_NAME.app/Contents/MacOS/$PRODUCT_NAME\" ";
		};
/* End PBXShellScriptBuildPhase section */

/* Begin PBXSourcesBuildPhase section */
		E4B69B580A3A1756003C02F2 /* Sources */ = {
			isa = PBXSourcesBuildPhase;
			buildActionMask = 2147483647;
			files = (
				E4B69E200A3A1BDC003C02F2 /* main.cpp in Sources */,
				E4B69E210A3A1BDC003C02F2 /* testApp.cpp in Sources */,
				87A7C6CC120939F50053A3B4 /* model3DS.cpp in Sources */,
				87A7C6CD120939F50053A3B4 /* texture3DS.cpp in Sources */,
				87A7C6CE120939F50053A3B4 /* ofx3dModelLoader.cpp in Sources */,
				87A7C6CF120939F50053A3B4 /* ofxMSATimer.cpp in Sources */,
				87A7C6E6120939F60053A3B4 /* ofxThread.cpp in Sources */,
				87A7C6E7120939F60053A3B4 /* md5.c in Sources */,
				87A7C6E8120939F60053A3B4 /* WebSocketHandler.cpp in Sources */,
				87A7C73312093D410053A3B4 /* GLee.c in Sources */,
				87A7C73412093D410053A3B4 /* ARDriver.cc in Sources */,
				87A7C73512093D410053A3B4 /* ATANCamera.cc in Sources */,
				87A7C73612093D410053A3B4 /* Bundle.cc in Sources */,
				87A7C73712093D410053A3B4 /* CalibCornerPatch.cc in Sources */,
				87A7C73812093D410053A3B4 /* CalibImage.cc in Sources */,
				87A7C73912093D410053A3B4 /* EyeGame.cc in Sources */,
				87A7C73A12093D410053A3B4 /* HomographyInit.cc in Sources */,
				87A7C73B12093D410053A3B4 /* KeyFrame.cc in Sources */,
				87A7C73C12093D410053A3B4 /* Map.cc in Sources */,
				87A7C73D12093D410053A3B4 /* MapMaker.cc in Sources */,
				87A7C73E12093D410053A3B4 /* MapPoint.cc in Sources */,
				87A7C73F12093D410053A3B4 /* MapViewer.cc in Sources */,
				87A7C74012093D410053A3B4 /* MiniPatch.cc in Sources */,
				87A7C74112093D410053A3B4 /* PatchFinder.cc in Sources */,
				87A7C74212093D410053A3B4 /* Relocaliser.cc in Sources */,
				87A7C74312093D410053A3B4 /* ShiTomasi.cc in Sources */,
				87A7C74412093D410053A3B4 /* SmallBlurryImage.cc in Sources */,
				87A7C74512093D410053A3B4 /* System.cc in Sources */,
				87A7C74612093D410053A3B4 /* Tracker.cc in Sources */,
			);
			runOnlyForDeploymentPostprocessing = 0;
		};
/* End PBXSourcesBuildPhase section */

/* Begin PBXTargetDependency section */
		E4C2422810CC54DA004149E2 /* PBXTargetDependency */ = {
			isa = PBXTargetDependency;
			name = openFrameworks;
			targetProxy = E4C2422710CC54DA004149E2 /* PBXContainerItemProxy */;
		};
/* End PBXTargetDependency section */

/* Begin XCBuildConfiguration section */
		E4B27CA010CBF8A600536013 /* ReleaseUniversal */ = {
			isa = XCBuildConfiguration;
			buildSettings = {
				ARCHS = "$(ARCHS_STANDARD_32_BIT)";
				CONFIGURATION_BUILD_DIR = "$(SRCROOT)/bin/";
				COPY_PHASE_STRIP = YES;
				DEAD_CODE_STRIPPING = YES;
				GCC_AUTO_VECTORIZATION = YES;
				GCC_ENABLE_SSE3_EXTENSIONS = YES;
				GCC_ENABLE_SUPPLEMENTAL_SSE3_INSTRUCTIONS = YES;
				GCC_INLINES_ARE_PRIVATE_EXTERN = NO;
				GCC_MODEL_TUNING = G5;
				GCC_OPTIMIZATION_LEVEL = 3;
				GCC_SYMBOLS_PRIVATE_EXTERN = NO;
				GCC_UNROLL_LOOPS = YES;
				GCC_WARN_ABOUT_DEPRECATED_FUNCTIONS = NO;
				GCC_WARN_ABOUT_INVALID_OFFSETOF_MACRO = NO;
				GCC_WARN_ALLOW_INCOMPLETE_PROTOCOL = NO;
				GCC_WARN_UNINITIALIZED_AUTOS = NO;
				GCC_WARN_UNUSED_VALUE = NO;
				GCC_WARN_UNUSED_VARIABLE = NO;
				HEADER_SEARCH_PATHS = (
					"../../../libs/openFrameworks/**",
					../../../libs/freetype/include/,
					../../../libs/freetype/include/freetype2,
					../../../libs/poco/include,
					../../../addons/,
				);
				LIBRARY_SEARCH_PATHS = /usr/local/lib;
				ONLY_ACTIVE_ARCH = YES;
				OTHER_CPLUSPLUSFLAGS = (
					"-D__MACOSX_CORE__",
					"-lpthread",
				);
				OTHER_LDFLAGS = (
					"-lcvd",
					"-lGVars3",
				);
				USER_HEADER_SEARCH_PATHS = "/usr/local/include /usr/local/include/opencv";
				VALID_ARCHS = "i386 x86_64";
			};
			name = ReleaseUniversal;
		};
		E4B27CA110CBF8A600536013 /* ReleaseUniversal */ = {
			isa = XCBuildConfiguration;
			buildSettings = {
				COPY_PHASE_STRIP = YES;
				FRAMEWORK_SEARCH_PATHS = (
					"$(inherited)",
					"$(FRAMEWORK_SEARCH_PATHS_QUOTED_FOR_TARGET_1)",
				);
				FRAMEWORK_SEARCH_PATHS_QUOTED_FOR_TARGET_1 = "\"$(SRCROOT)/../../../libs/glut/lib/osx\"";
				GCC_ENABLE_FIX_AND_CONTINUE = NO;
				GCC_GENERATE_DEBUGGING_SYMBOLS = NO;
				GCC_MODEL_TUNING = G4;
				GCC_PRECOMPILE_PREFIX_HEADER = YES;
				GCC_PREFIX_HEADER = "$(SYSTEM_LIBRARY_DIR)/Frameworks/Carbon.framework/Headers/Carbon.h";
				INFOPLIST_FILE = "openFrameworks-Info.plist";
				INSTALL_PATH = "$(HOME)/Applications";
				LIBRARY_SEARCH_PATHS = (
					"$(inherited)",
					"$(LIBRARY_SEARCH_PATHS_QUOTED_FOR_TARGET_1)",
					"$(LIBRARY_SEARCH_PATHS_QUOTED_FOR_TARGET_2)",
					"$(LIBRARY_SEARCH_PATHS_QUOTED_FOR_TARGET_3)",
					"$(LIBRARY_SEARCH_PATHS_QUOTED_FOR_TARGET_4)",
					"$(LIBRARY_SEARCH_PATHS_QUOTED_FOR_TARGET_5)",
					"$(LIBRARY_SEARCH_PATHS_QUOTED_FOR_TARGET_6)",
					"$(LIBRARY_SEARCH_PATHS_QUOTED_FOR_TARGET_7)",
					"$(LIBRARY_SEARCH_PATHS_QUOTED_FOR_TARGET_8)",
					"$(LIBRARY_SEARCH_PATHS_QUOTED_FOR_TARGET_9)",
					"$(LIBRARY_SEARCH_PATHS_QUOTED_FOR_TARGET_10)",
					"$(LIBRARY_SEARCH_PATHS_QUOTED_FOR_TARGET_11)",
					"$(LIBRARY_SEARCH_PATHS_QUOTED_FOR_TARGET_12)",
					"$(LIBRARY_SEARCH_PATHS_QUOTED_FOR_TARGET_13)",
					"$(LIBRARY_SEARCH_PATHS_QUOTED_FOR_TARGET_14)",
					"$(LIBRARY_SEARCH_PATHS_QUOTED_FOR_TARGET_15)",
					"$(LIBRARY_SEARCH_PATHS_QUOTED_FOR_TARGET_2)",
					"\"$(SRCROOT)/../../../addons/ofxOpenCv/libs/opencv/lib/linux\"",
					"\"$(SRCROOT)/../../../addons/ofxOpenCv/libs/opencv/lib/linux64\"",
					"\"$(SRCROOT)/../../../addons/ofxOpenCv/libs/opencv/lib/osx\"",
					"\"$(SRCROOT)/../../../addons/ofxOpenCv/libs/opencv/lib/vs2008\"",
					"\"$(SRCROOT)/../../../addons/ofxOpenCv/libs/opencv/lib/win_cb\"",
				);
				LIBRARY_SEARCH_PATHS_QUOTED_FOR_TARGET_1 = "\"$(SRCROOT)/../../../libs/freeimage/lib/osx\"";
				LIBRARY_SEARCH_PATHS_QUOTED_FOR_TARGET_14 = "\"$(SRCROOT)/../../../libs/fmodex/lib/osx\"";
				LIBRARY_SEARCH_PATHS_QUOTED_FOR_TARGET_15 = "\"$(SRCROOT)/../../../libs/freetype/lib/osx\"";
				LIBRARY_SEARCH_PATHS_QUOTED_FOR_TARGET_2 = "\"$(SRCROOT)/../../../libs/FreeImage/lib/osx\"";
				LIBRARY_SEARCH_PATHS_QUOTED_FOR_TARGET_4 = "\"$(SRCROOT)/../../../libs/GLee/lib/osx\"";
				LIBRARY_SEARCH_PATHS_QUOTED_FOR_TARGET_5 = "\"$(SRCROOT)/../../../libs/poco/lib/osx\"";
				LIBRARY_SEARCH_PATHS_QUOTED_FOR_TARGET_6 = "\"$(SRCROOT)/../../../libs/rtAudio/lib/osx\"";
				PREBINDING = NO;
				PRODUCT_NAME = "$(TARGET_NAME)Universal";
				WRAPPER_EXTENSION = app;
				ZERO_LINK = NO;
			};
			name = ReleaseUniversal;
		};
		E4B69B4E0A3A1720003C02F2 /* Debug */ = {
			isa = XCBuildConfiguration;
			buildSettings = {
				ARCHS = "$(ARCHS_STANDARD_32_BIT)";
				CONFIGURATION_BUILD_DIR = "$(SRCROOT)/bin/";
				COPY_PHASE_STRIP = NO;
				DEAD_CODE_STRIPPING = YES;
				GCC_AUTO_VECTORIZATION = YES;
				GCC_ENABLE_SSE3_EXTENSIONS = YES;
				GCC_ENABLE_SUPPLEMENTAL_SSE3_INSTRUCTIONS = YES;
				GCC_INLINES_ARE_PRIVATE_EXTERN = NO;
				GCC_MODEL_TUNING = G5;
				GCC_SYMBOLS_PRIVATE_EXTERN = NO;
				GCC_WARN_ABOUT_DEPRECATED_FUNCTIONS = NO;
				GCC_WARN_ABOUT_INVALID_OFFSETOF_MACRO = NO;
				GCC_WARN_ALLOW_INCOMPLETE_PROTOCOL = NO;
				GCC_WARN_UNINITIALIZED_AUTOS = NO;
				GCC_WARN_UNUSED_VALUE = NO;
				GCC_WARN_UNUSED_VARIABLE = NO;
				HEADER_SEARCH_PATHS = (
					"../../../libs/openFrameworks/**",
					../../../libs/freetype/include/,
					../../../libs/freetype/include/freetype2,
					../../../libs/poco/include,
					../../../addons/,
				);
				LIBRARY_SEARCH_PATHS = /usr/local/lib;
				ONLY_ACTIVE_ARCH = YES;
				OTHER_CPLUSPLUSFLAGS = (
					"-D__MACOSX_CORE__",
					"-lpthread",
				);
				OTHER_LDFLAGS = (
					"-lcvd",
					"-lGVars3",
				);
				USER_HEADER_SEARCH_PATHS = "/usr/local/include /usr/local/include/opencv";
				VALID_ARCHS = "i386 x86_64";
			};
			name = Debug;
		};
		E4B69B4F0A3A1720003C02F2 /* Release */ = {
			isa = XCBuildConfiguration;
			buildSettings = {
				ARCHS = "$(ARCHS_STANDARD_32_BIT)";
				CONFIGURATION_BUILD_DIR = "$(SRCROOT)/bin/";
				COPY_PHASE_STRIP = YES;
				DEAD_CODE_STRIPPING = YES;
				GCC_AUTO_VECTORIZATION = YES;
				GCC_ENABLE_SSE3_EXTENSIONS = YES;
				GCC_ENABLE_SUPPLEMENTAL_SSE3_INSTRUCTIONS = YES;
				GCC_INLINES_ARE_PRIVATE_EXTERN = NO;
				GCC_MODEL_TUNING = G5;
				GCC_OPTIMIZATION_LEVEL = 3;
				GCC_SYMBOLS_PRIVATE_EXTERN = NO;
				GCC_UNROLL_LOOPS = YES;
				GCC_WARN_ABOUT_DEPRECATED_FUNCTIONS = NO;
				GCC_WARN_ABOUT_INVALID_OFFSETOF_MACRO = NO;
				GCC_WARN_ALLOW_INCOMPLETE_PROTOCOL = NO;
				GCC_WARN_UNINITIALIZED_AUTOS = NO;
				GCC_WARN_UNUSED_VALUE = NO;
				GCC_WARN_UNUSED_VARIABLE = NO;
				HEADER_SEARCH_PATHS = (
					"../../../libs/openFrameworks/**",
					../../../libs/freetype/include/,
					../../../libs/freetype/include/freetype2,
					../../../libs/poco/include,
					../../../addons/,
				);
				LIBRARY_SEARCH_PATHS = /usr/local/lib;
				ONLY_ACTIVE_ARCH = YES;
				OTHER_CPLUSPLUSFLAGS = (
					"-D__MACOSX_CORE__",
					"-lpthread",
				);
				OTHER_LDFLAGS = (
					"-lcvd",
					"-lGVars3",
				);
				USER_HEADER_SEARCH_PATHS = "/usr/local/include /usr/local/include/opencv";
				VALID_ARCHS = "i386 x86_64";
			};
			name = Release;
		};
		E4B69B600A3A1757003C02F2 /* Debug */ = {
			isa = XCBuildConfiguration;
			buildSettings = {
				COPY_PHASE_STRIP = NO;
				FRAMEWORK_SEARCH_PATHS = (
					"$(inherited)",
					"$(FRAMEWORK_SEARCH_PATHS_QUOTED_FOR_TARGET_1)",
				);
				FRAMEWORK_SEARCH_PATHS_QUOTED_FOR_TARGET_1 = "\"$(SRCROOT)/../../../libs/glut/lib/osx\"";
				GCC_DYNAMIC_NO_PIC = NO;
				GCC_ENABLE_FIX_AND_CONTINUE = YES;
				GCC_GENERATE_DEBUGGING_SYMBOLS = YES;
				GCC_MODEL_TUNING = G4;
				GCC_OPTIMIZATION_LEVEL = 0;
				GCC_PRECOMPILE_PREFIX_HEADER = YES;
				GCC_PREFIX_HEADER = "$(SYSTEM_LIBRARY_DIR)/Frameworks/Carbon.framework/Headers/Carbon.h";
				INFOPLIST_FILE = "openFrameworks-Info.plist";
				INSTALL_PATH = "$(HOME)/Applications";
				LIBRARY_SEARCH_PATHS = (
					"$(inherited)",
					"$(LIBRARY_SEARCH_PATHS_QUOTED_FOR_TARGET_1)",
					"$(LIBRARY_SEARCH_PATHS_QUOTED_FOR_TARGET_2)",
					"$(LIBRARY_SEARCH_PATHS_QUOTED_FOR_TARGET_3)",
					"$(LIBRARY_SEARCH_PATHS_QUOTED_FOR_TARGET_4)",
					"$(LIBRARY_SEARCH_PATHS_QUOTED_FOR_TARGET_5)",
					"$(LIBRARY_SEARCH_PATHS_QUOTED_FOR_TARGET_6)",
					"$(LIBRARY_SEARCH_PATHS_QUOTED_FOR_TARGET_7)",
					"$(LIBRARY_SEARCH_PATHS_QUOTED_FOR_TARGET_8)",
					"$(LIBRARY_SEARCH_PATHS_QUOTED_FOR_TARGET_9)",
					"$(LIBRARY_SEARCH_PATHS_QUOTED_FOR_TARGET_10)",
					"$(LIBRARY_SEARCH_PATHS_QUOTED_FOR_TARGET_11)",
					"$(LIBRARY_SEARCH_PATHS_QUOTED_FOR_TARGET_12)",
					"$(LIBRARY_SEARCH_PATHS_QUOTED_FOR_TARGET_13)",
					"$(LIBRARY_SEARCH_PATHS_QUOTED_FOR_TARGET_14)",
					"$(LIBRARY_SEARCH_PATHS_QUOTED_FOR_TARGET_15)",
					"$(LIBRARY_SEARCH_PATHS_QUOTED_FOR_TARGET_2)",
					"\"$(SRCROOT)/../../../addons/ofxOpenCv/libs/opencv/lib/linux\"",
					"\"$(SRCROOT)/../../../addons/ofxOpenCv/libs/opencv/lib/linux64\"",
					"\"$(SRCROOT)/../../../addons/ofxOpenCv/libs/opencv/lib/osx\"",
					"\"$(SRCROOT)/../../../addons/ofxOpenCv/libs/opencv/lib/vs2008\"",
					"\"$(SRCROOT)/../../../addons/ofxOpenCv/libs/opencv/lib/win_cb\"",
				);
				LIBRARY_SEARCH_PATHS_QUOTED_FOR_TARGET_1 = "\"$(SRCROOT)/../../../libs/freeimage/lib/osx\"";
				LIBRARY_SEARCH_PATHS_QUOTED_FOR_TARGET_14 = "\"$(SRCROOT)/../../../libs/fmodex/lib/osx\"";
				LIBRARY_SEARCH_PATHS_QUOTED_FOR_TARGET_15 = "\"$(SRCROOT)/../../../libs/freetype/lib/osx\"";
				LIBRARY_SEARCH_PATHS_QUOTED_FOR_TARGET_2 = "\"$(SRCROOT)/../../../libs/FreeImage/lib/osx\"";
				LIBRARY_SEARCH_PATHS_QUOTED_FOR_TARGET_4 = "\"$(SRCROOT)/../../../libs/GLee/lib/osx\"";
				LIBRARY_SEARCH_PATHS_QUOTED_FOR_TARGET_5 = "\"$(SRCROOT)/../../../libs/poco/lib/osx\"";
				LIBRARY_SEARCH_PATHS_QUOTED_FOR_TARGET_6 = "\"$(SRCROOT)/../../../libs/rtAudio/lib/osx\"";
				PREBINDING = NO;
				PRODUCT_NAME = "$(TARGET_NAME)Debug";
				WRAPPER_EXTENSION = app;
				ZERO_LINK = NO;
			};
			name = Debug;
		};
		E4B69B610A3A1757003C02F2 /* Release */ = {
			isa = XCBuildConfiguration;
			buildSettings = {
				COPY_PHASE_STRIP = YES;
				FRAMEWORK_SEARCH_PATHS = (
					"$(inherited)",
					"$(FRAMEWORK_SEARCH_PATHS_QUOTED_FOR_TARGET_1)",
				);
				FRAMEWORK_SEARCH_PATHS_QUOTED_FOR_TARGET_1 = "\"$(SRCROOT)/../../../libs/glut/lib/osx\"";
				GCC_ENABLE_FIX_AND_CONTINUE = NO;
				GCC_GENERATE_DEBUGGING_SYMBOLS = NO;
				GCC_MODEL_TUNING = G4;
				GCC_PRECOMPILE_PREFIX_HEADER = YES;
				GCC_PREFIX_HEADER = "$(SYSTEM_LIBRARY_DIR)/Frameworks/Carbon.framework/Headers/Carbon.h";
				INFOPLIST_FILE = "openFrameworks-Info.plist";
				INSTALL_PATH = "$(HOME)/Applications";
				LIBRARY_SEARCH_PATHS = (
					"$(inherited)",
					"$(LIBRARY_SEARCH_PATHS_QUOTED_FOR_TARGET_1)",
					"$(LIBRARY_SEARCH_PATHS_QUOTED_FOR_TARGET_2)",
					"$(LIBRARY_SEARCH_PATHS_QUOTED_FOR_TARGET_3)",
					"$(LIBRARY_SEARCH_PATHS_QUOTED_FOR_TARGET_4)",
					"$(LIBRARY_SEARCH_PATHS_QUOTED_FOR_TARGET_5)",
					"$(LIBRARY_SEARCH_PATHS_QUOTED_FOR_TARGET_6)",
					"$(LIBRARY_SEARCH_PATHS_QUOTED_FOR_TARGET_7)",
					"$(LIBRARY_SEARCH_PATHS_QUOTED_FOR_TARGET_8)",
					"$(LIBRARY_SEARCH_PATHS_QUOTED_FOR_TARGET_9)",
					"$(LIBRARY_SEARCH_PATHS_QUOTED_FOR_TARGET_10)",
					"$(LIBRARY_SEARCH_PATHS_QUOTED_FOR_TARGET_11)",
					"$(LIBRARY_SEARCH_PATHS_QUOTED_FOR_TARGET_12)",
					"$(LIBRARY_SEARCH_PATHS_QUOTED_FOR_TARGET_13)",
					"$(LIBRARY_SEARCH_PATHS_QUOTED_FOR_TARGET_14)",
					"$(LIBRARY_SEARCH_PATHS_QUOTED_FOR_TARGET_15)",
					"$(LIBRARY_SEARCH_PATHS_QUOTED_FOR_TARGET_2)",
					"\"$(SRCROOT)/../../../addons/ofxOpenCv/libs/opencv/lib/linux\"",
					"\"$(SRCROOT)/../../../addons/ofxOpenCv/libs/opencv/lib/linux64\"",
					"\"$(SRCROOT)/../../../addons/ofxOpenCv/libs/opencv/lib/osx\"",
					"\"$(SRCROOT)/../../../addons/ofxOpenCv/libs/opencv/lib/vs2008\"",
					"\"$(SRCROOT)/../../../addons/ofxOpenCv/libs/opencv/lib/win_cb\"",
				);
				LIBRARY_SEARCH_PATHS_QUOTED_FOR_TARGET_1 = "\"$(SRCROOT)/../../../libs/freeimage/lib/osx\"";
				LIBRARY_SEARCH_PATHS_QUOTED_FOR_TARGET_14 = "\"$(SRCROOT)/../../../libs/fmodex/lib/osx\"";
				LIBRARY_SEARCH_PATHS_QUOTED_FOR_TARGET_15 = "\"$(SRCROOT)/../../../libs/freetype/lib/osx\"";
				LIBRARY_SEARCH_PATHS_QUOTED_FOR_TARGET_2 = "\"$(SRCROOT)/../../../libs/FreeImage/lib/osx\"";
				LIBRARY_SEARCH_PATHS_QUOTED_FOR_TARGET_4 = "\"$(SRCROOT)/../../../libs/GLee/lib/osx\"";
				LIBRARY_SEARCH_PATHS_QUOTED_FOR_TARGET_5 = "\"$(SRCROOT)/../../../libs/poco/lib/osx\"";
				LIBRARY_SEARCH_PATHS_QUOTED_FOR_TARGET_6 = "\"$(SRCROOT)/../../../libs/rtAudio/lib/osx\"";
				PREBINDING = NO;
				PRODUCT_NAME = "$(TARGET_NAME)";
				WRAPPER_EXTENSION = app;
				ZERO_LINK = NO;
			};
			name = Release;
		};
/* End XCBuildConfiguration section */

/* Begin XCConfigurationList section */
		E4B69B4D0A3A1720003C02F2 /* Build configuration list for PBXProject "PTAM" */ = {
			isa = XCConfigurationList;
			buildConfigurations = (
				E4B69B4E0A3A1720003C02F2 /* Debug */,
				E4B69B4F0A3A1720003C02F2 /* Release */,
				E4B27CA010CBF8A600536013 /* ReleaseUniversal */,
			);
			defaultConfigurationIsVisible = 0;
			defaultConfigurationName = Release;
		};
		E4B69B5F0A3A1757003C02F2 /* Build configuration list for PBXNativeTarget "PTAM" */ = {
			isa = XCConfigurationList;
			buildConfigurations = (
				E4B69B600A3A1757003C02F2 /* Debug */,
				E4B69B610A3A1757003C02F2 /* Release */,
				E4B27CA110CBF8A600536013 /* ReleaseUniversal */,
			);
			defaultConfigurationIsVisible = 0;
			defaultConfigurationName = Release;
		};
/* End XCConfigurationList section */
	};
	rootObject = E4B69B4C0A3A1720003C02F2 /* Project object */;
}
